
Microsoft Visual Studio Solution File, Format Version 12.00
# Visual Studio 15
VisualStudioVersion = 15.0.28010.2003
MinimumVisualStudioVersion = 10.0.40219.1
Project("{FAE04EC0-301F-11D3-BF4B-00C04F79EFBC}") = "DotnetCoreWithVue", "DotnetCoreWithVue\DotnetCoreWithVue.csproj", "{EFFEACA6-1589-42A2-A19A-E9C4BDDCB60B}"
EndProject
Global
	GlobalSection(SolutionConfigurationPlatforms) = preSolution
		Debug|Any CPU = Debug|Any CPU
		Release|Any CPU = Release|Any CPU
	EndGlobalSection
	GlobalSection(ProjectConfigurationPlatforms) = postSolution
		{EFFEACA6-1589-42A2-A19A-E9C4BDDCB60B}.Debug|Any CPU.ActiveCfg = Debug|Any CPU
		{EFFEACA6-1589-42A2-A19A-E9C4BDDCB60B}.Debug|Any CPU.Build.0 = Debug|Any CPU
		{EFFEACA6-1589-42A2-A19A-E9C4BDDCB60B}.Release|Any CPU.ActiveCfg = Release|Any CPU
		{EFFEACA6-1589-42A2-A19A-E9C4BDDCB60B}.Release|Any CPU.Build.0 = Release|Any CPU
	EndGlobalSection
	GlobalSection(SolutionProperties) = preSolution
		HideSolutionNode = FALSE
	EndGlobalSection
	GlobalSection(ExtensibilityGlobals) = postSolution
		SolutionGuid = {336E4404-38BD-4767-BC87-193A748AEA7B}
	EndGlobalSection
EndGlobal
