
Microsoft Visual Studio Solution File, Format Version 12.00
# Visual Studio 15
VisualStudioVersion = 15.0.28010.2003
MinimumVisualStudioVersion = 10.0.40219.1
Project("{FAE04EC0-301F-11D3-BF4B-00C04F79EFBC}") = "DotnetCoreWithVue", "DotnetCoreWithVue\DotnetCoreWithVue.csproj", "{304AFAFA-DBD5-42DF-940E-24F077C56554}"
EndProject
Global
	GlobalSection(SolutionConfigurationPlatforms) = preSolution
		Debug|Any CPU = Debug|Any CPU
		Release|Any CPU = Release|Any CPU
	EndGlobalSection
	GlobalSection(ProjectConfigurationPlatforms) = postSolution
		{304AFAFA-DBD5-42DF-940E-24F077C56554}.Debug|Any CPU.ActiveCfg = Debug|Any CPU
		{304AFAFA-DBD5-42DF-940E-24F077C56554}.Debug|Any CPU.Build.0 = Debug|Any CPU
		{304AFAFA-DBD5-42DF-940E-24F077C56554}.Release|Any CPU.ActiveCfg = Release|Any CPU
		{304AFAFA-DBD5-42DF-940E-24F077C56554}.Release|Any CPU.Build.0 = Release|Any CPU
	EndGlobalSection
	GlobalSection(SolutionProperties) = preSolution
		HideSolutionNode = FALSE
	EndGlobalSection
	GlobalSection(ExtensibilityGlobals) = postSolution
		SolutionGuid = {336E4404-38BD-4767-BC87-193A748AEA7B}
	EndGlobalSection
EndGlobal
